
Microsoft Visual Studio Solution File, Format Version 12.00
# Visual Studio Version 17
VisualStudioVersion = 17.3.32825.248
MinimumVisualStudioVersion = 10.0.40219.1
Project("{9A19103F-16F7-4668-BE54-9A1E7A4F7556}") = "systmHotel.BLL", "systmHotel.BLL\systmHotel.BLL.csproj", "{83AAE47E-3071-4701-AF95-AD5F47EFDB9A}"
EndProject
Project("{9A19103F-16F7-4668-BE54-9A1E7A4F7556}") = "systmHotel.DAL", "systmHotel.DAL\systmHotel.DAL.csproj", "{D187858C-4D2A-4B50-A9F7-AB507DB59818}"
EndProject
Project("{FAE04EC0-301F-11D3-BF4B-00C04F79EFBC}") = "systmHotel.WebApp", "systmHotel.WebApp\systmHotel.WebApp.csproj", "{524514E5-CE07-493E-BC8C-77A2293AAC73}"
EndProject
Global
	GlobalSection(SolutionConfigurationPlatforms) = preSolution
		Debug|Any CPU = Debug|Any CPU
		Release|Any CPU = Release|Any CPU
	EndGlobalSection
	GlobalSection(ProjectConfigurationPlatforms) = postSolution
		{83AAE47E-3071-4701-AF95-AD5F47EFDB9A}.Debug|Any CPU.ActiveCfg = Debug|Any CPU
		{83AAE47E-3071-4701-AF95-AD5F47EFDB9A}.Debug|Any CPU.Build.0 = Debug|Any CPU
		{83AAE47E-3071-4701-AF95-AD5F47EFDB9A}.Release|Any CPU.ActiveCfg = Release|Any CPU
		{83AAE47E-3071-4701-AF95-AD5F47EFDB9A}.Release|Any CPU.Build.0 = Release|Any CPU
		{D187858C-4D2A-4B50-A9F7-AB507DB59818}.Debug|Any CPU.ActiveCfg = Debug|Any CPU
		{D187858C-4D2A-4B50-A9F7-AB507DB59818}.Debug|Any CPU.Build.0 = Debug|Any CPU
		{D187858C-4D2A-4B50-A9F7-AB507DB59818}.Release|Any CPU.ActiveCfg = Release|Any CPU
		{D187858C-4D2A-4B50-A9F7-AB507DB59818}.Release|Any CPU.Build.0 = Release|Any CPU
		{524514E5-CE07-493E-BC8C-77A2293AAC73}.Debug|Any CPU.ActiveCfg = Debug|Any CPU
		{524514E5-CE07-493E-BC8C-77A2293AAC73}.Debug|Any CPU.Build.0 = Debug|Any CPU
		{524514E5-CE07-493E-BC8C-77A2293AAC73}.Release|Any CPU.ActiveCfg = Release|Any CPU
		{524514E5-CE07-493E-BC8C-77A2293AAC73}.Release|Any CPU.Build.0 = Release|Any CPU
	EndGlobalSection
	GlobalSection(SolutionProperties) = preSolution
		HideSolutionNode = FALSE
	EndGlobalSection
	GlobalSection(ExtensibilityGlobals) = postSolution
		SolutionGuid = {AB19C407-22D1-46F2-B449-7BAF27D6B91A}
	EndGlobalSection
EndGlobal
